
Microsoft Visual Studio Solution File, Format Version 12.00
# Visual Studio Version 16
VisualStudioVersion = 16.0.32802.440
MinimumVisualStudioVersion = 10.0.40219.1
Project("{9A19103F-16F7-4668-BE54-9A1E7A4F7556}") = "InterfaceAbstractDemo", "InterfaceAbstractDemo\InterfaceAbstractDemo.csproj", "{ED222A31-887B-47A5-9D83-25980B09F3D6}"
EndProject
Global
	GlobalSection(SolutionConfigurationPlatforms) = preSolution
		Debug|Any CPU = Debug|Any CPU
		Release|Any CPU = Release|Any CPU
	EndGlobalSection
	GlobalSection(ProjectConfigurationPlatforms) = postSolution
		{ED222A31-887B-47A5-9D83-25980B09F3D6}.Debug|Any CPU.ActiveCfg = Debug|Any CPU
		{ED222A31-887B-47A5-9D83-25980B09F3D6}.Debug|Any CPU.Build.0 = Debug|Any CPU
		{ED222A31-887B-47A5-9D83-25980B09F3D6}.Release|Any CPU.ActiveCfg = Release|Any CPU
		{ED222A31-887B-47A5-9D83-25980B09F3D6}.Release|Any CPU.Build.0 = Release|Any CPU
	EndGlobalSection
	GlobalSection(SolutionProperties) = preSolution
		HideSolutionNode = FALSE
	EndGlobalSection
	GlobalSection(ExtensibilityGlobals) = postSolution
		SolutionGuid = {C3ECB142-9C67-4F30-A016-A4E153E988BE}
	EndGlobalSection
EndGlobal
